
Microsoft Visual Studio Solution File, Format Version 12.00
# Visual Studio Version 17
VisualStudioVersion = 17.11.35312.102
MinimumVisualStudioVersion = 10.0.40219.1
Project("{FAE04EC0-301F-11D3-BF4B-00C04F79EFBC}") = "practica", "practica\practica.csproj", "{4B484043-F974-41C7-A068-C6E60EBD7CE8}"
EndProject
Global
	GlobalSection(SolutionConfigurationPlatforms) = preSolution
		Debug|Any CPU = Debug|Any CPU
		Release|Any CPU = Release|Any CPU
	EndGlobalSection
	GlobalSection(ProjectConfigurationPlatforms) = postSolution
		{4B484043-F974-41C7-A068-C6E60EBD7CE8}.Debug|Any CPU.ActiveCfg = Debug|Any CPU
		{4B484043-F974-41C7-A068-C6E60EBD7CE8}.Debug|Any CPU.Build.0 = Debug|Any CPU
		{4B484043-F974-41C7-A068-C6E60EBD7CE8}.Release|Any CPU.ActiveCfg = Release|Any CPU
		{4B484043-F974-41C7-A068-C6E60EBD7CE8}.Release|Any CPU.Build.0 = Release|Any CPU
	EndGlobalSection
	GlobalSection(SolutionProperties) = preSolution
		HideSolutionNode = FALSE
	EndGlobalSection
	GlobalSection(ExtensibilityGlobals) = postSolution
		SolutionGuid = {B8F1F876-5987-4A69-B8ED-E12D266E5D49}
	EndGlobalSection
EndGlobal
